
Microsoft Visual Studio Solution File, Format Version 12.00
# Visual Studio Version 17
VisualStudioVersion = 17.12.35527.113
MinimumVisualStudioVersion = 10.0.40219.1
Project("{FAE04EC0-301F-11D3-BF4B-00C04F79EFBC}") = "TaskAPI", "TaskAPI\TaskAPI.csproj", "{D5033EA3-6687-4FEE-BA98-8891DAC84AAB}"
EndProject
Project("{FAE04EC0-301F-11D3-BF4B-00C04F79EFBC}") = "TaskAPI.Models", "TaskAPI.Models\TaskAPI.Models.csproj", "{22EA2CDC-A883-4E8B-974C-9ACE6D58A86B}"
EndProject
Project("{FAE04EC0-301F-11D3-BF4B-00C04F79EFBC}") = "TaskAPI.Services", "TaskAPI.Services\TaskAPI.Services.csproj", "{B0741DCA-E919-4733-B744-235349CEF140}"
EndProject
Project("{FAE04EC0-301F-11D3-BF4B-00C04F79EFBC}") = "TaskAPI.DataAccess", "TaskAPI.DataAccess\TaskAPI.DataAccess.csproj", "{2CFE40DA-4F74-44F6-A92C-CB795EA38E62}"
EndProject
Global
	GlobalSection(SolutionConfigurationPlatforms) = preSolution
		Debug|Any CPU = Debug|Any CPU
		Release|Any CPU = Release|Any CPU
	EndGlobalSection
	GlobalSection(ProjectConfigurationPlatforms) = postSolution
		{D5033EA3-6687-4FEE-BA98-8891DAC84AAB}.Debug|Any CPU.ActiveCfg = Debug|Any CPU
		{D5033EA3-6687-4FEE-BA98-8891DAC84AAB}.Debug|Any CPU.Build.0 = Debug|Any CPU
		{D5033EA3-6687-4FEE-BA98-8891DAC84AAB}.Release|Any CPU.ActiveCfg = Release|Any CPU
		{D5033EA3-6687-4FEE-BA98-8891DAC84AAB}.Release|Any CPU.Build.0 = Release|Any CPU
		{22EA2CDC-A883-4E8B-974C-9ACE6D58A86B}.Debug|Any CPU.ActiveCfg = Debug|Any CPU
		{22EA2CDC-A883-4E8B-974C-9ACE6D58A86B}.Debug|Any CPU.Build.0 = Debug|Any CPU
		{22EA2CDC-A883-4E8B-974C-9ACE6D58A86B}.Release|Any CPU.ActiveCfg = Release|Any CPU
		{22EA2CDC-A883-4E8B-974C-9ACE6D58A86B}.Release|Any CPU.Build.0 = Release|Any CPU
		{B0741DCA-E919-4733-B744-235349CEF140}.Debug|Any CPU.ActiveCfg = Debug|Any CPU
		{B0741DCA-E919-4733-B744-235349CEF140}.Debug|Any CPU.Build.0 = Debug|Any CPU
		{B0741DCA-E919-4733-B744-235349CEF140}.Release|Any CPU.ActiveCfg = Release|Any CPU
		{B0741DCA-E919-4733-B744-235349CEF140}.Release|Any CPU.Build.0 = Release|Any CPU
		{2CFE40DA-4F74-44F6-A92C-CB795EA38E62}.Debug|Any CPU.ActiveCfg = Debug|Any CPU
		{2CFE40DA-4F74-44F6-A92C-CB795EA38E62}.Debug|Any CPU.Build.0 = Debug|Any CPU
		{2CFE40DA-4F74-44F6-A92C-CB795EA38E62}.Release|Any CPU.ActiveCfg = Release|Any CPU
		{2CFE40DA-4F74-44F6-A92C-CB795EA38E62}.Release|Any CPU.Build.0 = Release|Any CPU
	EndGlobalSection
	GlobalSection(SolutionProperties) = preSolution
		HideSolutionNode = FALSE
	EndGlobalSection
EndGlobal
